// !$*UTF8*$!
{
	archiveVersion = 1;
	classes = {
	};
	objectVersion = 50;
	objects = {

/* Begin PBXBuildFile section */
		688DC5D0214043F700693BE1 /* SampleTableViewCell.xib in Resources */ = {isa = PBXBuildFile; fileRef = 688DC5CE214043F700693BE1 /* SampleTableViewCell.xib */; };
		688DC5D1214043F700693BE1 /* SampleTableViewCell.swift in Sources */ = {isa = PBXBuildFile; fileRef = 688DC5CF214043F700693BE1 /* SampleTableViewCell.swift */; };
		7234778A213FE7C100389888 /* AppDelegate.swift in Sources */ = {isa = PBXBuildFile; fileRef = 72347789213FE7C100389888 /* AppDelegate.swift */; };
		7234778C213FE7C100389888 /* HomeViewController.swift in Sources */ = {isa = PBXBuildFile; fileRef = 7234778B213FE7C100389888 /* HomeViewController.swift */; };
		7234778F213FE7C100389888 /* Main.storyboard in Resources */ = {isa = PBXBuildFile; fileRef = 7234778D213FE7C100389888 /* Main.storyboard */; };
		72347791213FE7C200389888 /* Assets.xcassets in Resources */ = {isa = PBXBuildFile; fileRef = 72347790213FE7C200389888 /* Assets.xcassets */; };
		72347794213FE7C200389888 /* LaunchScreen.storyboard in Resources */ = {isa = PBXBuildFile; fileRef = 72347792213FE7C200389888 /* LaunchScreen.storyboard */; };
/* End PBXBuildFile section */

/* Begin PBXFileReference section */
		688DC5CE214043F700693BE1 /* SampleTableViewCell.xib */ = {isa = PBXFileReference; fileEncoding = 4; lastKnownFileType = file.xib; path = SampleTableViewCell.xib; sourceTree = "<group>"; };
		688DC5CF214043F700693BE1 /* SampleTableViewCell.swift */ = {isa = PBXFileReference; fileEncoding = 4; lastKnownFileType = sourcecode.swift; path = SampleTableViewCell.swift; sourceTree = "<group>"; };
		72347786213FE7C100389888 /* ReUsableTableViewCell.app */ = {isa = PBXFileReference; explicitFileType = wrapper.application; includeInIndex = 0; path = ReUsableTableViewCell.app; sourceTree = BUILT_PRODUCTS_DIR; };
		72347789213FE7C100389888 /* AppDelegate.swift */ = {isa = PBXFileReference; lastKnownFileType = sourcecode.swift; path = AppDelegate.swift; sourceTree = "<group>"; };
		7234778B213FE7C100389888 /* HomeViewController.swift */ = {isa = PBXFileReference; lastKnownFileType = sourcecode.swift; path = HomeViewController.swift; sourceTree = "<group>"; };
		7234778E213FE7C100389888 /* Base */ = {isa = PBXFileReference; lastKnownFileType = file.storyboard; name = Base; path = Base.lproj/Main.storyboard; sourceTree = "<group>"; };
		72347790213FE7C200389888 /* Assets.xcassets */ = {isa = PBXFileReference; lastKnownFileType = folder.assetcatalog; path = Assets.xcassets; sourceTree = "<group>"; };
		72347793213FE7C200389888 /* Base */ = {isa = PBXFileReference; lastKnownFileType = file.storyboard; name = Base; path = Base.lproj/LaunchScreen.storyboard; sourceTree = "<group>"; };
		72347795213FE7C200389888 /* Info.plist */ = {isa = PBXFileReference; lastKnownFileType = text.plist.xml; path = Info.plist; sourceTree = "<group>"; };
/* End PBXFileReference section */

/* Begin PBXFrameworksBuildPhase section */
		72347783213FE7C100389888 /* Frameworks */ = {
			isa = PBXFrameworksBuildPhase;
			buildActionMask = 2147483647;
			files = (
			);
			runOnlyForDeploymentPostprocessing = 0;
		};
/* End PBXFrameworksBuildPhase section */

/* Begin PBXGroup section */
		688DC5C82140425600693BE1 /* Controllers */ = {
			isa = PBXGroup;
			children = (
				688DC5C92140426200693BE1 /* Cells */,
				7234778B213FE7C100389888 /* HomeViewController.swift */,
			);
			path = Controllers;
			sourceTree = "<group>";
		};
		688DC5C92140426200693BE1 /* Cells */ = {
			isa = PBXGroup;
			children = (
				688DC5CF214043F700693BE1 /* SampleTableViewCell.swift */,
				688DC5CE214043F700693BE1 /* SampleTableViewCell.xib */,
			);
			path = Cells;
			sourceTree = "<group>";
		};
		7234777D213FE7C100389888 = {
			isa = PBXGroup;
			children = (
				72347788213FE7C100389888 /* ReUsableTableViewCell */,
				72347787213FE7C100389888 /* Products */,
			);
			sourceTree = "<group>";
		};
		72347787213FE7C100389888 /* Products */ = {
			isa = PBXGroup;
			children = (
				72347786213FE7C100389888 /* ReUsableTableViewCell.app */,
			);
			name = Products;
			sourceTree = "<group>";
		};
		72347788213FE7C100389888 /* ReUsableTableViewCell */ = {
			isa = PBXGroup;
			children = (
				688DC5C82140425600693BE1 /* Controllers */,
				72347789213FE7C100389888 /* AppDelegate.swift */,
				7234778D213FE7C100389888 /* Main.storyboard */,
				72347790213FE7C200389888 /* Assets.xcassets */,
				72347792213FE7C200389888 /* LaunchScreen.storyboard */,
				72347795213FE7C200389888 /* Info.plist */,
			);
			path = ReUsableTableViewCell;
			sourceTree = "<group>";
		};
/* End PBXGroup section */

/* Begin PBXNativeTarget section */
		72347785213FE7C100389888 /* ReUsableTableViewCell */ = {
			isa = PBXNativeTarget;
			buildConfigurationList = 72347798213FE7C200389888 /* Build configuration list for PBXNativeTarget "ReUsableTableViewCell" */;
			buildPhases = (
				72347782213FE7C100389888 /* Sources */,
				72347783213FE7C100389888 /* Frameworks */,
				72347784213FE7C100389888 /* Resources */,
			);
			buildRules = (
			);
			dependencies = (
			);
			name = ReUsableTableViewCell;
			productName = ReUsableTableViewCell;
			productReference = 72347786213FE7C100389888 /* ReUsableTableViewCell.app */;
			productType = "com.apple.product-type.application";
		};
/* End PBXNativeTarget section */

/* Begin PBXProject section */
		7234777E213FE7C100389888 /* Project object */ = {
			isa = PBXProject;
			attributes = {
				LastSwiftUpdateCheck = 0940;
				LastUpgradeCheck = 0940;
				ORGANIZATIONNAME = UmairAFzal;
				TargetAttributes = {
					72347785213FE7C100389888 = {
						CreatedOnToolsVersion = 9.4.1;
					};
				};
			};
			buildConfigurationList = 72347781213FE7C100389888 /* Build configuration list for PBXProject "ReUsableTableViewCell" */;
			compatibilityVersion = "Xcode 9.3";
			developmentRegion = en;
			hasScannedForEncodings = 0;
			knownRegions = (
				en,
				Base,
			);
			mainGroup = 7234777D213FE7C100389888;
			productRefGroup = 72347787213FE7C100389888 /* Products */;
			projectDirPath = "";
			projectRoot = "";
			targets = (
				72347785213FE7C100389888 /* ReUsableTableViewCell */,
			);
		};
/* End PBXProject section */

/* Begin PBXResourcesBuildPhase section */
		72347784213FE7C100389888 /* Resources */ = {
			isa = PBXResourcesBuildPhase;
			buildActionMask = 2147483647;
			files = (
				688DC5D0214043F700693BE1 /* SampleTableViewCell.xib in Resources */,
				72347794213FE7C200389888 /* LaunchScreen.storyboard in Resources */,
				72347791213FE7C200389888 /* Assets.xcassets in Resources */,
				7234778F213FE7C100389888 /* Main.storyboard in Resources */,
			);
			runOnlyForDeploymentPostprocessing = 0;
		};
/* End PBXResourcesBuildPhase section */

/* Begin PBXSourcesBuildPhase section */
		72347782213FE7C100389888 /* Sources */ = {
			isa = PBXSourcesBuildPhase;
			buildActionMask = 2147483647;
			files = (
				7234778C213FE7C100389888 /* HomeViewController.swift in Sources */,
				7234778A213FE7C100389888 /* AppDelegate.swift in Sources */,
				688DC5D1214043F700693BE1 /* SampleTableViewCell.swift in Sources */,
			);
			runOnlyForDeploymentPostprocessing = 0;
		};
/* End PBXSourcesBuildPhase section */

/* Begin PBXVariantGroup section */
		7234778D213FE7C100389888 /* Main.storyboard */ = {
			isa = PBXVariantGroup;
			children = (
				7234778E213FE7C100389888 /* Base */,
			);
			name = Main.storyboard;
			sourceTree = "<group>";
		};
		72347792213FE7C200389888 /* LaunchScreen.storyboard */ = {
			isa = PBXVariantGroup;
			children = (
				72347793213FE7C200389888 /* Base */,
			);
			name = LaunchScreen.storyboard;
			sourceTree = "<group>";
		};
/* End PBXVariantGroup section */

/* Begin XCBuildConfiguration section */
		72347796213FE7C200389888 /* Debug */ = {
			isa = XCBuildConfiguration;
			buildSettings = {
				ALWAYS_SEARCH_USER_PATHS = NO;
				CLANG_ANALYZER_NONNULL = YES;
				CLANG_ANALYZER_NUMBER_OBJECT_CONVERSION = YES_AGGRESSIVE;
				CLANG_CXX_LANGUAGE_STANDARD = "gnu++14";
				CLANG_CXX_LIBRARY = "libc++";
				CLANG_ENABLE_MODULES = YES;
				CLANG_ENABLE_OBJC_ARC = YES;
				CLANG_ENABLE_OBJC_WEAK = YES;
				CLANG_WARN_BLOCK_CAPTURE_AUTORELEASING = YES;
				CLANG_WARN_BOOL_CONVERSION = YES;
				CLANG_WARN_COMMA = YES;
				CLANG_WARN_CONSTANT_CONVERSION = YES;
				CLANG_WARN_DEPRECATED_OBJC_IMPLEMENTATIONS = YES;
				CLANG_WARN_DIRECT_OBJC_ISA_USAGE = YES_ERROR;
				CLANG_WARN_DOCUMENTATION_COMMENTS = YES;
				CLANG_WARN_EMPTY_BODY = YES;
				CLANG_WARN_ENUM_CONVERSION = YES;
				CLANG_WARN_INFINITE_RECURSION = YES;
				CLANG_WARN_INT_CONVERSION = YES;
				CLANG_WARN_NON_LITERAL_NULL_CONVERSION = YES;
				CLANG_WARN_OBJC_IMPLICIT_RETAIN_SELF = YES;
				CLANG_WARN_OBJC_LITERAL_CONVERSION = YES;
				CLANG_WARN_OBJC_ROOT_CLASS = YES_ERROR;
				CLANG_WARN_RANGE_LOOP_ANALYSIS = YES;
				CLANG_WARN_STRICT_PROTOTYPES = YES;
				CLANG_WARN_SUSPICIOUS_MOVE = YES;
				CLANG_WARN_UNGUARDED_AVAILABILITY = YES_AGGRESSIVE;
				CLANG_WARN_UNREACHABLE_CODE = YES;
				CLANG_WARN__DUPLICATE_METHOD_MATCH = YES;
				CODE_SIGN_IDENTITY = "iPhone Developer";
				COPY_PHASE_STRIP = NO;
				DEBUG_INFORMATION_FORMAT = dwarf;
				ENABLE_STRICT_OBJC_MSGSEND = YES;
				ENABLE_TESTABILITY = YES;
				GCC_C_LANGUAGE_STANDARD = gnu11;
				GCC_DYNAMIC_NO_PIC = NO;
				GCC_NO_COMMON_BLOCKS = YES;
				GCC_OPTIMIZATION_LEVEL = 0;
				GCC_PREPROCESSOR_DEFINITIONS = (
					"DEBUG=1",
					"$(inherited)",
				);
				GCC_WARN_64_TO_32_BIT_CONVERSION = YES;
				GCC_WARN_ABOUT_RETURN_TYPE = YES_ERROR;
				GCC_WARN_UNDECLARED_SELECTOR = YES;
				GCC_WARN_UNINITIALIZED_AUTOS = YES_AGGRESSIVE;
				GCC_WARN_UNUSED_FUNCTION = YES;
				GCC_WARN_UNUSED_VARIABLE = YES;
				IPHONEOS_DEPLOYMENT_TARGET = 11.4;
				MTL_ENABLE_DEBUG_INFO = YES;
				ONLY_ACTIVE_ARCH = YES;
				SDKROOT = iphoneos;
				SWIFT_ACTIVE_COMPILATION_CONDITIONS = DEBUG;
				SWIFT_OPTIMIZATION_LEVEL = "-Onone";
			};
			name = Debug;
		};
		72347797213FE7C200389888 /* Release */ = {
			isa = XCBuildConfiguration;
			buildSettings = {
				ALWAYS_SEARCH_USER_PATHS = NO;
				CLANG_ANALYZER_NONNULL = YES;
				CLANG_ANALYZER_NUMBER_OBJECT_CONVERSION = YES_AGGRESSIVE;
				CLANG_CXX_LANGUAGE_STANDARD = "gnu++14";
				CLANG_CXX_LIBRARY = "libc++";
				CLANG_ENABLE_MODULES = YES;
				CLANG_ENABLE_OBJC_ARC = YES;
				CLANG_ENABLE_OBJC_WEAK = YES;
				CLANG_WARN_BLOCK_CAPTURE_AUTORELEASING = YES;
				CLANG_WARN_BOOL_CONVERSION = YES;
				CLANG_WARN_COMMA = YES;
				CLANG_WARN_CONSTANT_CONVERSION = YES;
				CLANG_WARN_DEPRECATED_OBJC_IMPLEMENTATIONS = YES;
				CLANG_WARN_DIRECT_OBJC_ISA_USAGE = YES_ERROR;
				CLANG_WARN_DOCUMENTATION_COMMENTS = YES;
				CLANG_WARN_EMPTY_BODY = YES;
				CLANG_WARN_ENUM_CONVERSION = YES;
				CLANG_WARN_INFINITE_RECURSION = YES;
				CLANG_WARN_INT_CONVERSION = YES;
				CLANG_WARN_NON_LITERAL_NULL_CONVERSION = YES;
				CLANG_WARN_OBJC_IMPLICIT_RETAIN_SELF = YES;
				CLANG_WARN_OBJC_LITERAL_CONVERSION = YES;
				CLANG_WARN_OBJC_ROOT_CLASS = YES_ERROR;
				CLANG_WARN_RANGE_LOOP_ANALYSIS = YES;
				CLANG_WARN_STRICT_PROTOTYPES = YES;
				CLANG_WARN_SUSPICIOUS_MOVE = YES;
				CLANG_WARN_UNGUARDED_AVAILABILITY = YES_AGGRESSIVE;
				CLANG_WARN_UNREACHABLE_CODE = YES;
				CLANG_WARN__DUPLICATE_METHOD_MATCH = YES;
				CODE_SIGN_IDENTITY = "iPhone Developer";
				COPY_PHASE_STRIP = NO;
				DEBUG_INFORMATION_FORMAT = "dwarf-with-dsym";
				ENABLE_NS_ASSERTIONS = NO;
				ENABLE_STRICT_OBJC_MSGSEND = YES;
				GCC_C_LANGUAGE_STANDARD = gnu11;
				GCC_NO_COMMON_BLOCKS = YES;
				GCC_WARN_64_TO_32_BIT_CONVERSION = YES;
				GCC_WARN_ABOUT_RETURN_TYPE = YES_ERROR;
				GCC_WARN_UNDECLARED_SELECTOR = YES;
				GCC_WARN_UNINITIALIZED_AUTOS = YES_AGGRESSIVE;
				GCC_WARN_UNUSED_FUNCTION = YES;
				GCC_WARN_UNUSED_VARIABLE = YES;
				IPHONEOS_DEPLOYMENT_TARGET = 11.4;
				MTL_ENABLE_DEBUG_INFO = NO;
				SDKROOT = iphoneos;
				SWIFT_COMPILATION_MODE = wholemodule;
				SWIFT_OPTIMIZATION_LEVEL = "-O";
				VALIDATE_PRODUCT = YES;
			};
			name = Release;
		};
		72347799213FE7C200389888 /* Debug */ = {
			isa = XCBuildConfiguration;
			buildSettings = {
				ASSETCATALOG_COMPILER_APPICON_NAME = AppIcon;
				CODE_SIGN_STYLE = Manual;
				DEVELOPMENT_TEAM = "";
				INFOPLIST_FILE = ReUsableTableViewCell/Info.plist;
				LD_RUNPATH_SEARCH_PATHS = (
					"$(inherited)",
					"@executable_path/Frameworks",
				);
				PRODUCT_BUNDLE_IDENTIFIER = com.vizteck.VTButton.ReUsableTableViewCell;
				PRODUCT_NAME = "$(TARGET_NAME)";
				PROVISIONING_PROFILE_SPECIFIER = "";
				SWIFT_VERSION = 4.0;
				TARGETED_DEVICE_FAMILY = "1,2";
			};
			name = Debug;
		};
		7234779A213FE7C200389888 /* Release */ = {
			isa = XCBuildConfiguration;
			buildSettings = {
				ASSETCATALOG_COMPILER_APPICON_NAME = AppIcon;
				CODE_SIGN_STYLE = Manual;
				DEVELOPMENT_TEAM = "";
				INFOPLIST_FILE = ReUsableTableViewCell/Info.plist;
				LD_RUNPATH_SEARCH_PATHS = (
					"$(inherited)",
					"@executable_path/Frameworks",
				);
				PRODUCT_BUNDLE_IDENTIFIER = com.vizteck.VTButton.ReUsableTableViewCell;
				PRODUCT_NAME = "$(TARGET_NAME)";
				PROVISIONING_PROFILE_SPECIFIER = "";
				SWIFT_VERSION = 4.0;
				TARGETED_DEVICE_FAMILY = "1,2";
			};
			name = Release;
		};
/* End XCBuildConfiguration section */

/* Begin XCConfigurationList section */
		72347781213FE7C100389888 /* Build configuration list for PBXProject "ReUsableTableViewCell" */ = {
			isa = XCConfigurationList;
			buildConfigurations = (
				72347796213FE7C200389888 /* Debug */,
				72347797213FE7C200389888 /* Release */,
			);
			defaultConfigurationIsVisible = 0;
			defaultConfigurationName = Release;
		};
		72347798213FE7C200389888 /* Build configuration list for PBXNativeTarget "ReUsableTableViewCell" */ = {
			isa = XCConfigurationList;
			buildConfigurations = (
				72347799213FE7C200389888 /* Debug */,
				7234779A213FE7C200389888 /* Release */,
			);
			defaultConfigurationIsVisible = 0;
			defaultConfigurationName = Release;
		};
/* End XCConfigurationList section */
	};
	rootObject = 7234777E213FE7C100389888 /* Project object */;
}
